
Microsoft Visual Studio Solution File, Format Version 12.00
# Visual Studio Version 17
VisualStudioVersion = 17.9.34622.214
MinimumVisualStudioVersion = 10.0.40219.1
Project("{FAE04EC0-301F-11D3-BF4B-00C04F79EFBC}") = "FindAFoxAPI", "FindAFoxAPI.csproj", "{397CF4B9-E90E-40FC-B4DA-7CB88F211DE7}"
EndProject
Global
	GlobalSection(SolutionConfigurationPlatforms) = preSolution
		Debug|Any CPU = Debug|Any CPU
		Release|Any CPU = Release|Any CPU
	EndGlobalSection
	GlobalSection(ProjectConfigurationPlatforms) = postSolution
		{397CF4B9-E90E-40FC-B4DA-7CB88F211DE7}.Debug|Any CPU.ActiveCfg = Debug|Any CPU
		{397CF4B9-E90E-40FC-B4DA-7CB88F211DE7}.Debug|Any CPU.Build.0 = Debug|Any CPU
		{397CF4B9-E90E-40FC-B4DA-7CB88F211DE7}.Release|Any CPU.ActiveCfg = Release|Any CPU
		{397CF4B9-E90E-40FC-B4DA-7CB88F211DE7}.Release|Any CPU.Build.0 = Release|Any CPU
	EndGlobalSection
	GlobalSection(SolutionProperties) = preSolution
		HideSolutionNode = FALSE
	EndGlobalSection
	GlobalSection(ExtensibilityGlobals) = postSolution
		SolutionGuid = {773036D3-190E-415F-92AC-F4FB89FB5776}
	EndGlobalSection
EndGlobal
